
Microsoft Visual Studio Solution File, Format Version 12.00
# Visual Studio Version 16
VisualStudioVersion = 16.0.30011.22
MinimumVisualStudioVersion = 10.0.40219.1
Project("{9A19103F-16F7-4668-BE54-9A1E7A4F7556}") = "MyIocContainer", "MyIocContainer\MyIocContainer.csproj", "{8C38B2C0-832B-44EA-A29D-A958D9B89A8D}"
EndProject
Project("{FAE04EC0-301F-11D3-BF4B-00C04F79EFBC}") = "MyIocContainerTests", "MyIocContainerTests\MyIocContainerTests.csproj", "{13EE9901-764F-4CD8-A8C7-1F9A28AF278C}"
EndProject
Global
	GlobalSection(SolutionConfigurationPlatforms) = preSolution
		Debug|Any CPU = Debug|Any CPU
		Release|Any CPU = Release|Any CPU
	EndGlobalSection
	GlobalSection(ProjectConfigurationPlatforms) = postSolution
		{8C38B2C0-832B-44EA-A29D-A958D9B89A8D}.Debug|Any CPU.ActiveCfg = Debug|Any CPU
		{8C38B2C0-832B-44EA-A29D-A958D9B89A8D}.Debug|Any CPU.Build.0 = Debug|Any CPU
		{8C38B2C0-832B-44EA-A29D-A958D9B89A8D}.Release|Any CPU.ActiveCfg = Release|Any CPU
		{8C38B2C0-832B-44EA-A29D-A958D9B89A8D}.Release|Any CPU.Build.0 = Release|Any CPU
		{13EE9901-764F-4CD8-A8C7-1F9A28AF278C}.Debug|Any CPU.ActiveCfg = Debug|Any CPU
		{13EE9901-764F-4CD8-A8C7-1F9A28AF278C}.Debug|Any CPU.Build.0 = Debug|Any CPU
		{13EE9901-764F-4CD8-A8C7-1F9A28AF278C}.Release|Any CPU.ActiveCfg = Release|Any CPU
		{13EE9901-764F-4CD8-A8C7-1F9A28AF278C}.Release|Any CPU.Build.0 = Release|Any CPU
	EndGlobalSection
	GlobalSection(SolutionProperties) = preSolution
		HideSolutionNode = FALSE
	EndGlobalSection
	GlobalSection(ExtensibilityGlobals) = postSolution
		SolutionGuid = {398F087D-C4E0-4E8F-B59A-B7548D4780A1}
	EndGlobalSection
EndGlobal
